
Microsoft Visual Studio Solution File, Format Version 12.00
# Visual Studio Version 17
VisualStudioVersion = 17.1.32228.430
MinimumVisualStudioVersion = 10.0.40219.1
Project("{9A19103F-16F7-4668-BE54-9A1E7A4F7556}") = "DrawPoker5", "DrawPoker5\DrawPoker5.csproj", "{BC8BE474-64AB-47ED-A9D0-73D6AACF070E}"
EndProject
Project("{FAE04EC0-301F-11D3-BF4B-00C04F79EFBC}") = "UnitTests", "UnitTests\UnitTests.csproj", "{582799F6-745F-4807-B5D9-536657EC4398}"
EndProject
Global
	GlobalSection(SolutionConfigurationPlatforms) = preSolution
		Debug|Any CPU = Debug|Any CPU
		Release|Any CPU = Release|Any CPU
	EndGlobalSection
	GlobalSection(ProjectConfigurationPlatforms) = postSolution
		{BC8BE474-64AB-47ED-A9D0-73D6AACF070E}.Debug|Any CPU.ActiveCfg = Debug|Any CPU
		{BC8BE474-64AB-47ED-A9D0-73D6AACF070E}.Debug|Any CPU.Build.0 = Debug|Any CPU
		{BC8BE474-64AB-47ED-A9D0-73D6AACF070E}.Release|Any CPU.ActiveCfg = Release|Any CPU
		{BC8BE474-64AB-47ED-A9D0-73D6AACF070E}.Release|Any CPU.Build.0 = Release|Any CPU
		{582799F6-745F-4807-B5D9-536657EC4398}.Debug|Any CPU.ActiveCfg = Debug|Any CPU
		{582799F6-745F-4807-B5D9-536657EC4398}.Debug|Any CPU.Build.0 = Debug|Any CPU
		{582799F6-745F-4807-B5D9-536657EC4398}.Release|Any CPU.ActiveCfg = Release|Any CPU
		{582799F6-745F-4807-B5D9-536657EC4398}.Release|Any CPU.Build.0 = Release|Any CPU
	EndGlobalSection
	GlobalSection(SolutionProperties) = preSolution
		HideSolutionNode = FALSE
	EndGlobalSection
	GlobalSection(ExtensibilityGlobals) = postSolution
		SolutionGuid = {7EFCECCA-131A-4E15-ADAF-C2DFAA350D40}
	EndGlobalSection
EndGlobal
